{
  "name": "beckylib",
  "lockfileVersion": 2,
  "requires": true,
  "packages": {
    "": {
      "name": "beckylib",
      "dependencies": {
        "@abendigo/beckybot-lib": "^0.0.2"
      }
    },
    "node_modules/@abendigo/beckybot-lib": {
      "version": "0.0.2",
      "resolved": "https://npm.pkg.github.com/download/@abendigo/beckybot-lib/0.0.2/f5be53c5d11d325de0f60c098718ea81a71aa6bc20bb4c294826b2e6833581d6",
      "integrity": "sha512-Cz/Y1mVP/NLE6dHqxeWvpMg/K833LVmPZ0R3YPCC/O/iAKPgeeeSCifVozDh5riiPBXKZHgcgfl42PaFvaG87A=="
    }
  },
  "dependencies": {
    "@abendigo/beckybot-lib": {
      "version": "0.0.2",
      "resolved": "https://npm.pkg.github.com/download/@abendigo/beckybot-lib/0.0.2/f5be53c5d11d325de0f60c098718ea81a71aa6bc20bb4c294826b2e6833581d6",
      "integrity": "sha512-Cz/Y1mVP/NLE6dHqxeWvpMg/K833LVmPZ0R3YPCC/O/iAKPgeeeSCifVozDh5riiPBXKZHgcgfl42PaFvaG87A=="
    }
  }
}
